{
  "name": "astroboard",
  "lockfileVersion": 3,
  "requires": true,
  "packages": {
    "": {
      "dependencies": {
        "@fontsource/aleo": "^5.0.18",
        "@fontsource/cascadia-code": "^4.2.1"
      }
    },
    "node_modules/@fontsource/aleo": {
      "version": "5.0.18",
      "resolved": "https://registry.npmjs.org/@fontsource/aleo/-/aleo-5.0.18.tgz",
      "integrity": "sha512-OUBEKBXD/6/GrDBN0dA0ssrLJM2Ksg58YeWlAWly1IzrsSC/gfW1hb4kZwdJbrCL39+RYa6MFIfGGGCDjlCzcQ=="
    },
    "node_modules/@fontsource/cascadia-code": {
      "version": "4.2.1",
      "resolved": "https://registry.npmjs.org/@fontsource/cascadia-code/-/cascadia-code-4.2.1.tgz",
      "integrity": "sha512-Nb6RyI7dxe3jS7Ap0fl7/GQ9GksqDPNNEMZD+bvc+m5lCyVPvFtAYbXo9uojvLnIKhYCEFNGXlKCp2Vmn9Tx5Q==",
      "deprecated": "Deprecated"
    }
  }
}
